
Microsoft Visual Studio Solution File, Format Version 12.00
# Visual Studio Version 16
VisualStudioVersion = 16.0.31911.196
MinimumVisualStudioVersion = 10.0.40219.1
Project("{FAE04EC0-301F-11D3-BF4B-00C04F79EFBC}") = "TrashMaze", "TrashMaze\TrashMaze.csproj", "{4721BD3B-C8C8-470C-98BB-FB8B624D96AF}"
EndProject
Global
	GlobalSection(SolutionConfigurationPlatforms) = preSolution
		Debug|Any CPU = Debug|Any CPU
		Release|Any CPU = Release|Any CPU
	EndGlobalSection
	GlobalSection(ProjectConfigurationPlatforms) = postSolution
		{4721BD3B-C8C8-470C-98BB-FB8B624D96AF}.Debug|Any CPU.ActiveCfg = Debug|Any CPU
		{4721BD3B-C8C8-470C-98BB-FB8B624D96AF}.Debug|Any CPU.Build.0 = Debug|Any CPU
		{4721BD3B-C8C8-470C-98BB-FB8B624D96AF}.Release|Any CPU.ActiveCfg = Release|Any CPU
		{4721BD3B-C8C8-470C-98BB-FB8B624D96AF}.Release|Any CPU.Build.0 = Release|Any CPU
	EndGlobalSection
	GlobalSection(SolutionProperties) = preSolution
		HideSolutionNode = FALSE
	EndGlobalSection
	GlobalSection(ExtensibilityGlobals) = postSolution
		SolutionGuid = {C6658DF7-EFFA-41B0-97A9-1EE1B5BD7A10}
	EndGlobalSection
EndGlobal
